<?xml version="1.0" encoding="utf-8"?>
<Project ToolsVersion="4.0" xmlns="http://schemas.microsoft.com/developer/msbuild/2003">
  <ItemGroup>
    <ClCompile Include="igis.cpp">
      <Filter>Source Files</Filter>
    </ClCompile>
    <ClCompile Include="main.cpp">
      <Filter>Source Files</Filter>
    </ClCompile>
    <ClCompile Include="external\src\glad.c">
      <Filter>Source Files</Filter>
    </ClCompile>
    <ClCompile Include="openglwidget.cpp">
      <Filter>Source Files\widget</Filter>
    </ClCompile>
    <ClCompile Include="shader.cpp">
      <Filter>Source Files\opengl</Filter>
    </ClCompile>
  </ItemGroup>
  <ItemGroup>
    <Filter Include="Source Files">
      <UniqueIdentifier>{f2af6d6f-d0bc-48d3-9bcf-6696ef61d0f8}</UniqueIdentifier>
    </Filter>
    <Filter Include="Header Files">
      <UniqueIdentifier>{62ecf35c-ce53-4f9c-a1a0-37d2423fc707}</UniqueIdentifier>
    </Filter>
    <Filter Include="Resource Files">
      <UniqueIdentifier>{593487f6-2e18-41f1-8017-c89bf701859c}</UniqueIdentifier>
    </Filter>
    <Filter Include="Header Files\widget">
      <UniqueIdentifier>{185d62ef-1e92-4eca-ba82-18f011d8799d}</UniqueIdentifier>
    </Filter>
    <Filter Include="Source Files\widget">
      <UniqueIdentifier>{a17931a0-d928-4c98-a8ca-73bd0929274e}</UniqueIdentifier>
    </Filter>
    <Filter Include="Header Files\opengl">
      <UniqueIdentifier>{fb5b8302-6599-4e06-9602-e07c53cb086f}</UniqueIdentifier>
    </Filter>
    <Filter Include="Source Files\opengl">
      <UniqueIdentifier>{3988ea8f-ba45-4613-85f3-2a1c1a61d94c}</UniqueIdentifier>
    </Filter>
  </ItemGroup>
  <ItemGroup>
    <QtMoc Include="igis.h">
      <Filter>Header Files</Filter>
    </QtMoc>
    <QtMoc Include="openglwidget.h">
      <Filter>Header Files\widget</Filter>
    </QtMoc>
  </ItemGroup>
  <ItemGroup>
    <QtRcc Include="igis.qrc">
      <Filter>Resource Files</Filter>
    </QtRcc>
  </ItemGroup>
  <ItemGroup>
    <ClInclude Include="shader.h">
      <Filter>Header Files\opengl</Filter>
    </ClInclude>
  </ItemGroup>
</Project>